PODS:
  - Flutter (1.0.0)
  - flutter_ijkplayer (0.0.1):
    - Flutter
  - photo_manager (0.0.1):
    - Flutter

DEPENDENCIES:
  - Flutter (from `Flutter`)
  - flutter_ijkplayer (from `.symlinks/plugins/flutter_ijkplayer/ios`)
  - photo_manager (from `.symlinks/plugins/photo_manager/ios`)

EXTERNAL SOURCES:
  Flutter:
    :path: Flutter
  flutter_ijkplayer:
    :path: ".symlinks/plugins/flutter_ijkplayer/ios"
  photo_manager:
    :path: ".symlinks/plugins/photo_manager/ios"

SPEC CHECKSUMS:
  Flutter: 0e3d915762c693b495b44d77113d4970485de6ec
  flutter_ijkplayer: bc24b4963583375036a5be8df694b1131a566863
  photo_manager: d47ddf6cb25cbfa837dc334540eb9a99b208e191

PODFILE CHECKSUM: 3dbe063e9c90a5d7c9e4e76e70a821b9e2c1d271

COCOAPODS: 1.8.3
